
Microsoft Visual Studio Solution File, Format Version 12.00
# Visual Studio 15
VisualStudioVersion = 15.0.26730.10
MinimumVisualStudioVersion = 10.0.40219.1
Project("{FAE04EC0-301F-11D3-BF4B-00C04F79EFBC}") = "taskt", "taskt\taskt.csproj", "{C1BE3204-94D1-4A9A-AE30-C3E302383182}"
EndProject
Project("{FAE04EC0-301F-11D3-BF4B-00C04F79EFBC}") = "taskt-updater", "taskt-updater\taskt-updater.csproj", "{3FC72D0C-D083-44C4-96E9-13FE599F8E0E}"
EndProject
Global
	GlobalSection(SolutionConfigurationPlatforms) = preSolution
		Debug|Any CPU = Debug|Any CPU
		Release|Any CPU = Release|Any CPU
	EndGlobalSection
	GlobalSection(ProjectConfigurationPlatforms) = postSolution
		{C1BE3204-94D1-4A9A-AE30-C3E302383182}.Debug|Any CPU.ActiveCfg = Debug|Any CPU
		{C1BE3204-94D1-4A9A-AE30-C3E302383182}.Debug|Any CPU.Build.0 = Debug|Any CPU
		{C1BE3204-94D1-4A9A-AE30-C3E302383182}.Release|Any CPU.ActiveCfg = Release|Any CPU
		{C1BE3204-94D1-4A9A-AE30-C3E302383182}.Release|Any CPU.Build.0 = Release|Any CPU
		{3FC72D0C-D083-44C4-96E9-13FE599F8E0E}.Debug|Any CPU.ActiveCfg = Release|Any CPU
		{3FC72D0C-D083-44C4-96E9-13FE599F8E0E}.Debug|Any CPU.Build.0 = Release|Any CPU
		{3FC72D0C-D083-44C4-96E9-13FE599F8E0E}.Release|Any CPU.ActiveCfg = Release|Any CPU
		{3FC72D0C-D083-44C4-96E9-13FE599F8E0E}.Release|Any CPU.Build.0 = Release|Any CPU
	EndGlobalSection
	GlobalSection(SolutionProperties) = preSolution
		HideSolutionNode = FALSE
	EndGlobalSection
	GlobalSection(ExtensibilityGlobals) = postSolution
		SolutionGuid = {CF7B0F64-1C1B-4350-867B-E06CEB778E6F}
	EndGlobalSection
EndGlobal
